// !$*UTF8*$!
{
	archiveVersion = 1;
	classes = {
	};
	objectVersion = 54;
	objects = {

/* Begin PBXBuildFile section */
		142D943F2C7A065900EF95FB /* RNAudioPro.swift in Sources */ = {isa = PBXBuildFile; fileRef = 142D94342C7A065900EF95FB /* RNAudioPro.swift */; };
		142D94402C7A065900EF95FB /* Metadata.swift in Sources */ = {isa = PBXBuildFile; fileRef = 142D943D2C7A065900EF95FB /* Metadata.swift */; };
		142D94412C7A065900EF95FB /* NowPlayingInfoKeyValue.swift in Sources */ = {isa = PBXBuildFile; fileRef = 142D94272C7A065900EF95FB /* NowPlayingInfoKeyValue.swift */; };
		142D94422C7A065900EF95FB /* TimeEventFrequency.swift in Sources */ = {isa = PBXBuildFile; fileRef = 142D94392C7A065900EF95FB /* TimeEventFrequency.swift */; };
		142D94432C7A065900EF95FB /* AVPlayerItemObserver.swift in Sources */ = {isa = PBXBuildFile; fileRef = 142D942B2C7A065900EF95FB /* AVPlayerItemObserver.swift */; };
		142D94442C7A065900EF95FB /* Track.swift in Sources */ = {isa = PBXBuildFile; fileRef = 142D94212C7A065900EF95FB /* Track.swift */; };
		142D94452C7A065900EF95FB /* MediaItemProperty.swift in Sources */ = {isa = PBXBuildFile; fileRef = 142D94232C7A065900EF95FB /* MediaItemProperty.swift */; };
		142D94462C7A065900EF95FB /* Capabilities.swift in Sources */ = {isa = PBXBuildFile; fileRef = 142D941B2C7A065900EF95FB /* Capabilities.swift */; };
		142D94472C7A065900EF95FB /* AVPlayerTimeObserver.swift in Sources */ = {isa = PBXBuildFile; fileRef = 142D942D2C7A065900EF95FB /* AVPlayerTimeObserver.swift */; };
		142D94482C7A065900EF95FB /* Event.swift in Sources */ = {isa = PBXBuildFile; fileRef = 142D941A2C7A065900EF95FB /* Event.swift */; };
		142D94492C7A065900EF95FB /* State.swift in Sources */ = {isa = PBXBuildFile; fileRef = 142D94202C7A065900EF95FB /* State.swift */; };
		142D944A2C7A065900EF95FB /* AudioPlayerError.swift in Sources */ = {isa = PBXBuildFile; fileRef = 142D94112C7A065900EF95FB /* AudioPlayerError.swift */; };
		142D944B2C7A065900EF95FB /* NowPlayingInfoCenter.swift in Sources */ = {isa = PBXBuildFile; fileRef = 142D94242C7A065900EF95FB /* NowPlayingInfoCenter.swift */; };
		142D944C2C7A065900EF95FB /* RemoteCommandController.swift in Sources */ = {isa = PBXBuildFile; fileRef = 142D94322C7A065900EF95FB /* RemoteCommandController.swift */; };
		142D944D2C7A065900EF95FB /* AudioItem.swift in Sources */ = {isa = PBXBuildFile; fileRef = 142D940F2C7A065900EF95FB /* AudioItem.swift */; };
		142D944E2C7A065900EF95FB /* QueueManager.swift in Sources */ = {isa = PBXBuildFile; fileRef = 142D94302C7A065900EF95FB /* QueueManager.swift */; };
		142D944F2C7A065900EF95FB /* NowPlayingInfoController.swift in Sources */ = {isa = PBXBuildFile; fileRef = 142D94252C7A065900EF95FB /* NowPlayingInfoController.swift */; };
		142D94502C7A065900EF95FB /* MediaURL.swift in Sources */ = {isa = PBXBuildFile; fileRef = 142D941C2C7A065900EF95FB /* MediaURL.swift */; };
		142D94512C7A065900EF95FB /* AudioPlayer.swift in Sources */ = {isa = PBXBuildFile; fileRef = 142D94102C7A065900EF95FB /* AudioPlayer.swift */; };
		142D94522C7A065900EF95FB /* RemoteCommand.swift in Sources */ = {isa = PBXBuildFile; fileRef = 142D94312C7A065900EF95FB /* RemoteCommand.swift */; };
		142D94532C7A065900EF95FB /* AVPlayerWrapperProtocol.swift in Sources */ = {isa = PBXBuildFile; fileRef = 142D94172C7A065900EF95FB /* AVPlayerWrapperProtocol.swift */; };
		142D94542C7A065900EF95FB /* DispatchQueueType.swift in Sources */ = {isa = PBXBuildFile; fileRef = 142D943A2C7A065900EF95FB /* DispatchQueueType.swift */; };
		142D94552C7A065900EF95FB /* NowPlayingInfoProperty.swift in Sources */ = {isa = PBXBuildFile; fileRef = 142D94282C7A065900EF95FB /* NowPlayingInfoProperty.swift */; };
		142D94562C7A065900EF95FB /* EventEmitter.swift in Sources */ = {isa = PBXBuildFile; fileRef = 142D943B2C7A065900EF95FB /* EventEmitter.swift */; };
		142D94572C7A065900EF95FB /* AudioSession.swift in Sources */ = {isa = PBXBuildFile; fileRef = 142D94122C7A065900EF95FB /* AudioSession.swift */; };
		142D94582C7A065900EF95FB /* QueuedAudioPlayer.swift in Sources */ = {isa = PBXBuildFile; fileRef = 142D942F2C7A065900EF95FB /* QueuedAudioPlayer.swift */; };
		142D94592C7A065900EF95FB /* NowPlayingInfoControllerProtocol.swift in Sources */ = {isa = PBXBuildFile; fileRef = 142D94262C7A065900EF95FB /* NowPlayingInfoControllerProtocol.swift */; };
		142D945A2C7A065900EF95FB /* EventType.swift in Sources */ = {isa = PBXBuildFile; fileRef = 142D943C2C7A065900EF95FB /* EventType.swift */; };
		142D945B2C7A065900EF95FB /* RNAudioProBridge.m in Sources */ = {isa = PBXBuildFile; fileRef = 142D94362C7A065900EF95FB /* RNAudioProBridge.m */; };
		142D945D2C7A065900EF95FB /* MetadataAdapter.swift in Sources */ = {isa = PBXBuildFile; fileRef = 142D941D2C7A065900EF95FB /* MetadataAdapter.swift */; };
		142D945E2C7A065900EF95FB /* AudioSessionController.swift in Sources */ = {isa = PBXBuildFile; fileRef = 142D94132C7A065900EF95FB /* AudioSessionController.swift */; };
		142D945F2C7A065900EF95FB /* SessionCategories.swift in Sources */ = {isa = PBXBuildFile; fileRef = 142D941F2C7A065900EF95FB /* SessionCategories.swift */; };
		142D94602C7A065900EF95FB /* AVPlayerWrapperDelegate.swift in Sources */ = {isa = PBXBuildFile; fileRef = 142D94162C7A065900EF95FB /* AVPlayerWrapperDelegate.swift */; };
		142D94612C7A065900EF95FB /* AVPlayerObserver.swift in Sources */ = {isa = PBXBuildFile; fileRef = 142D942C2C7A065900EF95FB /* AVPlayerObserver.swift */; };
		142D94622C7A065900EF95FB /* AVPlayerWrapperState.swift in Sources */ = {isa = PBXBuildFile; fileRef = 142D94182C7A065900EF95FB /* AVPlayerWrapperState.swift */; };
		142D94632C7A065900EF95FB /* AVPlayerItemNotificationObserver.swift in Sources */ = {isa = PBXBuildFile; fileRef = 142D942A2C7A065900EF95FB /* AVPlayerItemNotificationObserver.swift */; };
		142D94642C7A065900EF95FB /* AVPlayerWrapper.swift in Sources */ = {isa = PBXBuildFile; fileRef = 142D94152C7A065900EF95FB /* AVPlayerWrapper.swift */; };
/* End PBXBuildFile section */

/* Begin PBXCopyFilesBuildPhase section */
		9B0E28271F07D76F00B71D2A /* CopyFiles */ = {
			isa = PBXCopyFilesBuildPhase;
			buildActionMask = 2147483647;
			dstPath = "include/$(PRODUCT_NAME)";
			dstSubfolderSpec = 16;
			files = (
			);
			runOnlyForDeploymentPostprocessing = 0;
		};
/* End PBXCopyFilesBuildPhase section */

/* Begin PBXFileReference section */
		142D940F2C7A065900EF95FB /* AudioItem.swift */ = {isa = PBXFileReference; lastKnownFileType = sourcecode.swift; path = AudioItem.swift; sourceTree = "<group>"; };
		142D94102C7A065900EF95FB /* AudioPlayer.swift */ = {isa = PBXFileReference; lastKnownFileType = sourcecode.swift; path = AudioPlayer.swift; sourceTree = "<group>"; };
		142D94112C7A065900EF95FB /* AudioPlayerError.swift */ = {isa = PBXFileReference; lastKnownFileType = sourcecode.swift; path = AudioPlayerError.swift; sourceTree = "<group>"; };
		142D94122C7A065900EF95FB /* AudioSession.swift */ = {isa = PBXFileReference; lastKnownFileType = sourcecode.swift; path = AudioSession.swift; sourceTree = "<group>"; };
		142D94132C7A065900EF95FB /* AudioSessionController.swift */ = {isa = PBXFileReference; lastKnownFileType = sourcecode.swift; path = AudioSessionController.swift; sourceTree = "<group>"; };
		142D94152C7A065900EF95FB /* AVPlayerWrapper.swift */ = {isa = PBXFileReference; lastKnownFileType = sourcecode.swift; path = AVPlayerWrapper.swift; sourceTree = "<group>"; };
		142D94162C7A065900EF95FB /* AVPlayerWrapperDelegate.swift */ = {isa = PBXFileReference; lastKnownFileType = sourcecode.swift; path = AVPlayerWrapperDelegate.swift; sourceTree = "<group>"; };
		142D94172C7A065900EF95FB /* AVPlayerWrapperProtocol.swift */ = {isa = PBXFileReference; lastKnownFileType = sourcecode.swift; path = AVPlayerWrapperProtocol.swift; sourceTree = "<group>"; };
		142D94182C7A065900EF95FB /* AVPlayerWrapperState.swift */ = {isa = PBXFileReference; lastKnownFileType = sourcecode.swift; path = AVPlayerWrapperState.swift; sourceTree = "<group>"; };
		142D941A2C7A065900EF95FB /* Event.swift */ = {isa = PBXFileReference; lastKnownFileType = sourcecode.swift; path = Event.swift; sourceTree = "<group>"; };
		142D941B2C7A065900EF95FB /* Capabilities.swift */ = {isa = PBXFileReference; lastKnownFileType = sourcecode.swift; path = Capabilities.swift; sourceTree = "<group>"; };
		142D941C2C7A065900EF95FB /* MediaURL.swift */ = {isa = PBXFileReference; lastKnownFileType = sourcecode.swift; path = MediaURL.swift; sourceTree = "<group>"; };
		142D941D2C7A065900EF95FB /* MetadataAdapter.swift */ = {isa = PBXFileReference; lastKnownFileType = sourcecode.swift; path = MetadataAdapter.swift; sourceTree = "<group>"; };
		142D941F2C7A065900EF95FB /* SessionCategories.swift */ = {isa = PBXFileReference; lastKnownFileType = sourcecode.swift; path = SessionCategories.swift; sourceTree = "<group>"; };
		142D94202C7A065900EF95FB /* State.swift */ = {isa = PBXFileReference; lastKnownFileType = sourcecode.swift; path = State.swift; sourceTree = "<group>"; };
		142D94212C7A065900EF95FB /* Track.swift */ = {isa = PBXFileReference; lastKnownFileType = sourcecode.swift; path = Track.swift; sourceTree = "<group>"; };
		142D94232C7A065900EF95FB /* MediaItemProperty.swift */ = {isa = PBXFileReference; lastKnownFileType = sourcecode.swift; path = MediaItemProperty.swift; sourceTree = "<group>"; };
		142D94242C7A065900EF95FB /* NowPlayingInfoCenter.swift */ = {isa = PBXFileReference; lastKnownFileType = sourcecode.swift; path = NowPlayingInfoCenter.swift; sourceTree = "<group>"; };
		142D94252C7A065900EF95FB /* NowPlayingInfoController.swift */ = {isa = PBXFileReference; lastKnownFileType = sourcecode.swift; path = NowPlayingInfoController.swift; sourceTree = "<group>"; };
		142D94262C7A065900EF95FB /* NowPlayingInfoControllerProtocol.swift */ = {isa = PBXFileReference; lastKnownFileType = sourcecode.swift; path = NowPlayingInfoControllerProtocol.swift; sourceTree = "<group>"; };
		142D94272C7A065900EF95FB /* NowPlayingInfoKeyValue.swift */ = {isa = PBXFileReference; lastKnownFileType = sourcecode.swift; path = NowPlayingInfoKeyValue.swift; sourceTree = "<group>"; };
		142D94282C7A065900EF95FB /* NowPlayingInfoProperty.swift */ = {isa = PBXFileReference; lastKnownFileType = sourcecode.swift; path = NowPlayingInfoProperty.swift; sourceTree = "<group>"; };
		142D942A2C7A065900EF95FB /* AVPlayerItemNotificationObserver.swift */ = {isa = PBXFileReference; lastKnownFileType = sourcecode.swift; path = AVPlayerItemNotificationObserver.swift; sourceTree = "<group>"; };
		142D942B2C7A065900EF95FB /* AVPlayerItemObserver.swift */ = {isa = PBXFileReference; lastKnownFileType = sourcecode.swift; path = AVPlayerItemObserver.swift; sourceTree = "<group>"; };
		142D942C2C7A065900EF95FB /* AVPlayerObserver.swift */ = {isa = PBXFileReference; lastKnownFileType = sourcecode.swift; path = AVPlayerObserver.swift; sourceTree = "<group>"; };
		142D942D2C7A065900EF95FB /* AVPlayerTimeObserver.swift */ = {isa = PBXFileReference; lastKnownFileType = sourcecode.swift; path = AVPlayerTimeObserver.swift; sourceTree = "<group>"; };
		142D942F2C7A065900EF95FB /* QueuedAudioPlayer.swift */ = {isa = PBXFileReference; lastKnownFileType = sourcecode.swift; path = QueuedAudioPlayer.swift; sourceTree = "<group>"; };
		142D94302C7A065900EF95FB /* QueueManager.swift */ = {isa = PBXFileReference; lastKnownFileType = sourcecode.swift; path = QueueManager.swift; sourceTree = "<group>"; };
		142D94312C7A065900EF95FB /* RemoteCommand.swift */ = {isa = PBXFileReference; lastKnownFileType = sourcecode.swift; path = RemoteCommand.swift; sourceTree = "<group>"; };
		142D94322C7A065900EF95FB /* RemoteCommandController.swift */ = {isa = PBXFileReference; lastKnownFileType = sourcecode.swift; path = RemoteCommandController.swift; sourceTree = "<group>"; };
		142D94342C7A065900EF95FB /* RNAudioPro.swift */ = {isa = PBXFileReference; lastKnownFileType = sourcecode.swift; path = RNAudioPro.swift; sourceTree = "<group>"; };
		142D94352C7A065900EF95FB /* RNAudioProBridge.h */ = {isa = PBXFileReference; lastKnownFileType = sourcecode.c.h; path = RNAudioProBridge.h; sourceTree = "<group>"; };
		142D94362C7A065900EF95FB /* RNAudioProBridge.m */ = {isa = PBXFileReference; lastKnownFileType = sourcecode.c.objc; path = RNAudioProBridge.m; sourceTree = "<group>"; };
		142D94372C7A065900EF95FB /* RNAudioPro-Bridging-Header.h */ = {isa = PBXFileReference; lastKnownFileType = sourcecode.c.h; path = "RNAudioPro-Bridging-Header.h"; sourceTree = "<group>"; };
		142D94392C7A065900EF95FB /* TimeEventFrequency.swift */ = {isa = PBXFileReference; lastKnownFileType = sourcecode.swift; path = TimeEventFrequency.swift; sourceTree = "<group>"; };
		142D943A2C7A065900EF95FB /* DispatchQueueType.swift */ = {isa = PBXFileReference; lastKnownFileType = sourcecode.swift; path = DispatchQueueType.swift; sourceTree = "<group>"; };
		142D943B2C7A065900EF95FB /* EventEmitter.swift */ = {isa = PBXFileReference; lastKnownFileType = sourcecode.swift; path = EventEmitter.swift; sourceTree = "<group>"; };
		142D943C2C7A065900EF95FB /* EventType.swift */ = {isa = PBXFileReference; lastKnownFileType = sourcecode.swift; path = EventType.swift; sourceTree = "<group>"; };
		142D943D2C7A065900EF95FB /* Metadata.swift */ = {isa = PBXFileReference; lastKnownFileType = sourcecode.swift; path = Metadata.swift; sourceTree = "<group>"; };
		9B0E28291F07D76F00B71D2A /* libRNAudioPro.a */ = {isa = PBXFileReference; explicitFileType = archive.ar; includeInIndex = 0; path = libRNAudioPro.a; sourceTree = BUILT_PRODUCTS_DIR; };
/* End PBXFileReference section */

/* Begin PBXFrameworksBuildPhase section */
		9B0E28261F07D76F00B71D2A /* Frameworks */ = {
			isa = PBXFrameworksBuildPhase;
			buildActionMask = 2147483647;
			files = (
			);
			runOnlyForDeploymentPostprocessing = 0;
		};
/* End PBXFrameworksBuildPhase section */

/* Begin PBXGroup section */
		142D94142C7A065900EF95FB /* AudioSessionController */ = {
			isa = PBXGroup;
			children = (
				142D94122C7A065900EF95FB /* AudioSession.swift */,
				142D94132C7A065900EF95FB /* AudioSessionController.swift */,
			);
			path = AudioSessionController;
			sourceTree = "<group>";
		};
		142D94192C7A065900EF95FB /* AVPlayerWrapper */ = {
			isa = PBXGroup;
			children = (
				142D94152C7A065900EF95FB /* AVPlayerWrapper.swift */,
				142D94162C7A065900EF95FB /* AVPlayerWrapperDelegate.swift */,
				142D94172C7A065900EF95FB /* AVPlayerWrapperProtocol.swift */,
				142D94182C7A065900EF95FB /* AVPlayerWrapperState.swift */,
			);
			path = AVPlayerWrapper;
			sourceTree = "<group>";
		};
		142D94222C7A065900EF95FB /* Models */ = {
			isa = PBXGroup;
			children = (
				142D941B2C7A065900EF95FB /* Capabilities.swift */,
				142D941C2C7A065900EF95FB /* MediaURL.swift */,
				142D941D2C7A065900EF95FB /* MetadataAdapter.swift */,
				142D941F2C7A065900EF95FB /* SessionCategories.swift */,
				142D94202C7A065900EF95FB /* State.swift */,
				142D94212C7A065900EF95FB /* Track.swift */,
			);
			path = Models;
			sourceTree = "<group>";
		};
		142D94292C7A065900EF95FB /* NowPlayingInfoController */ = {
			isa = PBXGroup;
			children = (
				142D94232C7A065900EF95FB /* MediaItemProperty.swift */,
				142D94242C7A065900EF95FB /* NowPlayingInfoCenter.swift */,
				142D94252C7A065900EF95FB /* NowPlayingInfoController.swift */,
				142D94262C7A065900EF95FB /* NowPlayingInfoControllerProtocol.swift */,
				142D94272C7A065900EF95FB /* NowPlayingInfoKeyValue.swift */,
				142D94282C7A065900EF95FB /* NowPlayingInfoProperty.swift */,
			);
			path = NowPlayingInfoController;
			sourceTree = "<group>";
		};
		142D942E2C7A065900EF95FB /* Observer */ = {
			isa = PBXGroup;
			children = (
				142D942A2C7A065900EF95FB /* AVPlayerItemNotificationObserver.swift */,
				142D942B2C7A065900EF95FB /* AVPlayerItemObserver.swift */,
				142D942C2C7A065900EF95FB /* AVPlayerObserver.swift */,
				142D942D2C7A065900EF95FB /* AVPlayerTimeObserver.swift */,
			);
			path = Observer;
			sourceTree = "<group>";
		};
		142D94332C7A065900EF95FB /* RemoteCommandController */ = {
			isa = PBXGroup;
			children = (
				142D94312C7A065900EF95FB /* RemoteCommand.swift */,
				142D94322C7A065900EF95FB /* RemoteCommandController.swift */,
			);
			path = RemoteCommandController;
			sourceTree = "<group>";
		};
		142D94382C7A065900EF95FB /* Support */ = {
			isa = PBXGroup;
			children = (
				142D94372C7A065900EF95FB /* RNAudioPro-Bridging-Header.h */,
			);
			path = Support;
			sourceTree = "<group>";
		};
		142D943E2C7A065900EF95FB /* Utils */ = {
			isa = PBXGroup;
			children = (
				142D943A2C7A065900EF95FB /* DispatchQueueType.swift */,
				142D943B2C7A065900EF95FB /* EventEmitter.swift */,
				142D943C2C7A065900EF95FB /* EventType.swift */,
				142D943D2C7A065900EF95FB /* Metadata.swift */,
			);
			path = Utils;
			sourceTree = "<group>";
		};
		9B0E28201F07D76E00B71D2A = {
			isa = PBXGroup;
			children = (
				9B0E282B1F07D76F00B71D2A /* RNAudioPro */,
				9B0E282A1F07D76F00B71D2A /* Products */,
			);
			sourceTree = "<group>";
		};
		9B0E282A1F07D76F00B71D2A /* Products */ = {
			isa = PBXGroup;
			children = (
				9B0E28291F07D76F00B71D2A /* libRNAudioPro.a */,
			);
			name = Products;
			sourceTree = "<group>";
		};
		9B0E282B1F07D76F00B71D2A /* RNAudioPro */ = {
			isa = PBXGroup;
			children = (
				142D940F2C7A065900EF95FB /* AudioItem.swift */,
				142D94102C7A065900EF95FB /* AudioPlayer.swift */,
				142D94112C7A065900EF95FB /* AudioPlayerError.swift */,
				142D94142C7A065900EF95FB /* AudioSessionController */,
				142D94192C7A065900EF95FB /* AVPlayerWrapper */,
				142D941A2C7A065900EF95FB /* Event.swift */,
				142D94222C7A065900EF95FB /* Models */,
				142D94292C7A065900EF95FB /* NowPlayingInfoController */,
				142D942E2C7A065900EF95FB /* Observer */,
				142D942F2C7A065900EF95FB /* QueuedAudioPlayer.swift */,
				142D94302C7A065900EF95FB /* QueueManager.swift */,
				142D94332C7A065900EF95FB /* RemoteCommandController */,
				142D94342C7A065900EF95FB /* RNAudioPro.swift */,
				142D94352C7A065900EF95FB /* RNAudioProBridge.h */,
				142D94362C7A065900EF95FB /* RNAudioProBridge.m */,
				142D94382C7A065900EF95FB /* Support */,
				142D94392C7A065900EF95FB /* TimeEventFrequency.swift */,
				142D943E2C7A065900EF95FB /* Utils */,
			);
			path = RNAudioPro;
			sourceTree = "<group>";
		};
/* End PBXGroup section */

/* Begin PBXNativeTarget section */
		9B0E28281F07D76F00B71D2A /* RNAudioPro */ = {
			isa = PBXNativeTarget;
			buildConfigurationList = 9B0E28321F07D76F00B71D2A /* Build configuration list for PBXNativeTarget "RNAudioPro" */;
			buildPhases = (
				9B0E28251F07D76F00B71D2A /* Sources */,
				9B0E28261F07D76F00B71D2A /* Frameworks */,
				9B0E28271F07D76F00B71D2A /* CopyFiles */,
			);
			buildRules = (
			);
			dependencies = (
			);
			name = RNAudioPro;
			productName = RNAudioPro;
			productReference = 9B0E28291F07D76F00B71D2A /* libRNAudioPro.a */;
			productType = "com.apple.product-type.library.static";
		};
/* End PBXNativeTarget section */

/* Begin PBXProject section */
		9B0E28211F07D76E00B71D2A /* Project object */ = {
			isa = PBXProject;
			attributes = {
				BuildIndependentTargetsInParallel = YES;
				LastUpgradeCheck = 1610;
				ORGANIZATIONNAME = "Audio Pro";
				TargetAttributes = {
					9B0E28281F07D76F00B71D2A = {
						CreatedOnToolsVersion = 9.0;
						LastSwiftMigration = 0900;
					};
				};
			};
			buildConfigurationList = 9B0E28241F07D76E00B71D2A /* Build configuration list for PBXProject "RNAudioPro" */;
			compatibilityVersion = "Xcode 8.0";
			developmentRegion = en;
			hasScannedForEncodings = 0;
			knownRegions = (
				en,
			);
			mainGroup = 9B0E28201F07D76E00B71D2A;
			productRefGroup = 9B0E282A1F07D76F00B71D2A /* Products */;
			projectDirPath = "";
			projectRoot = "";
			targets = (
				9B0E28281F07D76F00B71D2A /* RNAudioPro */,
			);
		};
/* End PBXProject section */

/* Begin PBXSourcesBuildPhase section */
		9B0E28251F07D76F00B71D2A /* Sources */ = {
			isa = PBXSourcesBuildPhase;
			buildActionMask = 2147483647;
			files = (
				142D943F2C7A065900EF95FB /* RNAudioPro.swift in Sources */,
				142D94402C7A065900EF95FB /* Metadata.swift in Sources */,
				142D94412C7A065900EF95FB /* NowPlayingInfoKeyValue.swift in Sources */,
				142D94422C7A065900EF95FB /* TimeEventFrequency.swift in Sources */,
				142D94432C7A065900EF95FB /* AVPlayerItemObserver.swift in Sources */,
				142D94442C7A065900EF95FB /* Track.swift in Sources */,
				142D94452C7A065900EF95FB /* MediaItemProperty.swift in Sources */,
				142D94462C7A065900EF95FB /* Capabilities.swift in Sources */,
				142D94472C7A065900EF95FB /* AVPlayerTimeObserver.swift in Sources */,
				142D94482C7A065900EF95FB /* Event.swift in Sources */,
				142D94492C7A065900EF95FB /* State.swift in Sources */,
				142D944A2C7A065900EF95FB /* AudioPlayerError.swift in Sources */,
				142D944B2C7A065900EF95FB /* NowPlayingInfoCenter.swift in Sources */,
				142D944C2C7A065900EF95FB /* RemoteCommandController.swift in Sources */,
				142D944D2C7A065900EF95FB /* AudioItem.swift in Sources */,
				142D944E2C7A065900EF95FB /* QueueManager.swift in Sources */,
				142D944F2C7A065900EF95FB /* NowPlayingInfoController.swift in Sources */,
				142D94502C7A065900EF95FB /* MediaURL.swift in Sources */,
				142D94512C7A065900EF95FB /* AudioPlayer.swift in Sources */,
				142D94522C7A065900EF95FB /* RemoteCommand.swift in Sources */,
				142D94532C7A065900EF95FB /* AVPlayerWrapperProtocol.swift in Sources */,
				142D94542C7A065900EF95FB /* DispatchQueueType.swift in Sources */,
				142D94552C7A065900EF95FB /* NowPlayingInfoProperty.swift in Sources */,
				142D94562C7A065900EF95FB /* EventEmitter.swift in Sources */,
				142D94572C7A065900EF95FB /* AudioSession.swift in Sources */,
				142D94582C7A065900EF95FB /* QueuedAudioPlayer.swift in Sources */,
				142D94592C7A065900EF95FB /* NowPlayingInfoControllerProtocol.swift in Sources */,
				142D945A2C7A065900EF95FB /* EventType.swift in Sources */,
				142D945B2C7A065900EF95FB /* RNAudioProBridge.m in Sources */,
				142D945D2C7A065900EF95FB /* MetadataAdapter.swift in Sources */,
				142D945E2C7A065900EF95FB /* AudioSessionController.swift in Sources */,
				142D945F2C7A065900EF95FB /* SessionCategories.swift in Sources */,
				142D94602C7A065900EF95FB /* AVPlayerWrapperDelegate.swift in Sources */,
				142D94612C7A065900EF95FB /* AVPlayerObserver.swift in Sources */,
				142D94622C7A065900EF95FB /* AVPlayerWrapperState.swift in Sources */,
				142D94632C7A065900EF95FB /* AVPlayerItemNotificationObserver.swift in Sources */,
				142D94642C7A065900EF95FB /* AVPlayerWrapper.swift in Sources */,
			);
			runOnlyForDeploymentPostprocessing = 0;
		};
/* End PBXSourcesBuildPhase section */

/* Begin XCBuildConfiguration section */
		9B0E28301F07D76F00B71D2A /* Debug */ = {
			isa = XCBuildConfiguration;
			buildSettings = {
				ALWAYS_SEARCH_USER_PATHS = NO;
				CLANG_ANALYZER_NONNULL = YES;
				CLANG_ANALYZER_NUMBER_OBJECT_CONVERSION = YES_AGGRESSIVE;
				CLANG_CXX_LANGUAGE_STANDARD = "gnu++14";
				CLANG_CXX_LIBRARY = "libc++";
				CLANG_ENABLE_MODULES = YES;
				CLANG_ENABLE_OBJC_ARC = YES;
				CLANG_WARN_BLOCK_CAPTURE_AUTORELEASING = YES;
				CLANG_WARN_BOOL_CONVERSION = YES;
				CLANG_WARN_COMMA = YES;
				CLANG_WARN_CONSTANT_CONVERSION = YES;
				CLANG_WARN_DEPRECATED_OBJC_IMPLEMENTATIONS = YES;
				CLANG_WARN_DIRECT_OBJC_ISA_USAGE = YES_ERROR;
				CLANG_WARN_DOCUMENTATION_COMMENTS = YES;
				CLANG_WARN_EMPTY_BODY = YES;
				CLANG_WARN_ENUM_CONVERSION = YES;
				CLANG_WARN_INFINITE_RECURSION = YES;
				CLANG_WARN_INT_CONVERSION = YES;
				CLANG_WARN_NON_LITERAL_NULL_CONVERSION = YES;
				CLANG_WARN_OBJC_IMPLICIT_RETAIN_SELF = YES;
				CLANG_WARN_OBJC_LITERAL_CONVERSION = YES;
				CLANG_WARN_OBJC_ROOT_CLASS = YES_ERROR;
				CLANG_WARN_QUOTED_INCLUDE_IN_FRAMEWORK_HEADER = YES;
				CLANG_WARN_RANGE_LOOP_ANALYSIS = YES;
				CLANG_WARN_STRICT_PROTOTYPES = YES;
				CLANG_WARN_SUSPICIOUS_MOVE = YES;
				CLANG_WARN_UNGUARDED_AVAILABILITY = YES_AGGRESSIVE;
				CLANG_WARN_UNREACHABLE_CODE = YES;
				CLANG_WARN__DUPLICATE_METHOD_MATCH = YES;
				CODE_SIGN_IDENTITY = "iPhone Developer";
				COPY_PHASE_STRIP = NO;
				DEBUG_INFORMATION_FORMAT = dwarf;
				ENABLE_STRICT_OBJC_MSGSEND = YES;
				ENABLE_TESTABILITY = YES;
				ENABLE_USER_SCRIPT_SANDBOXING = YES;
				GCC_C_LANGUAGE_STANDARD = gnu11;
				GCC_DYNAMIC_NO_PIC = NO;
				GCC_NO_COMMON_BLOCKS = YES;
				GCC_OPTIMIZATION_LEVEL = 0;
				GCC_PREPROCESSOR_DEFINITIONS = (
					"DEBUG=1",
					"$(inherited)",
				);
				GCC_WARN_64_TO_32_BIT_CONVERSION = YES;
				GCC_WARN_ABOUT_RETURN_TYPE = YES_ERROR;
				GCC_WARN_UNDECLARED_SELECTOR = YES;
				GCC_WARN_UNINITIALIZED_AUTOS = YES_AGGRESSIVE;
				GCC_WARN_UNUSED_FUNCTION = YES;
				GCC_WARN_UNUSED_VARIABLE = YES;
				IPHONEOS_DEPLOYMENT_TARGET = 12.0;
				MTL_ENABLE_DEBUG_INFO = YES;
				ONLY_ACTIVE_ARCH = YES;
				SDKROOT = iphoneos;
				SWIFT_VERSION = 4.2;
			};
			name = Debug;
		};
		9B0E28311F07D76F00B71D2A /* Release */ = {
			isa = XCBuildConfiguration;
			buildSettings = {
				ALWAYS_SEARCH_USER_PATHS = NO;
				CLANG_ANALYZER_NONNULL = YES;
				CLANG_ANALYZER_NUMBER_OBJECT_CONVERSION = YES_AGGRESSIVE;
				CLANG_CXX_LANGUAGE_STANDARD = "gnu++14";
				CLANG_CXX_LIBRARY = "libc++";
				CLANG_ENABLE_MODULES = YES;
				CLANG_ENABLE_OBJC_ARC = YES;
				CLANG_WARN_BLOCK_CAPTURE_AUTORELEASING = YES;
				CLANG_WARN_BOOL_CONVERSION = YES;
				CLANG_WARN_COMMA = YES;
				CLANG_WARN_CONSTANT_CONVERSION = YES;
				CLANG_WARN_DEPRECATED_OBJC_IMPLEMENTATIONS = YES;
				CLANG_WARN_DIRECT_OBJC_ISA_USAGE = YES_ERROR;
				CLANG_WARN_DOCUMENTATION_COMMENTS = YES;
				CLANG_WARN_EMPTY_BODY = YES;
				CLANG_WARN_ENUM_CONVERSION = YES;
				CLANG_WARN_INFINITE_RECURSION = YES;
				CLANG_WARN_INT_CONVERSION = YES;
				CLANG_WARN_NON_LITERAL_NULL_CONVERSION = YES;
				CLANG_WARN_OBJC_IMPLICIT_RETAIN_SELF = YES;
				CLANG_WARN_OBJC_LITERAL_CONVERSION = YES;
				CLANG_WARN_OBJC_ROOT_CLASS = YES_ERROR;
				CLANG_WARN_QUOTED_INCLUDE_IN_FRAMEWORK_HEADER = YES;
				CLANG_WARN_RANGE_LOOP_ANALYSIS = YES;
				CLANG_WARN_STRICT_PROTOTYPES = YES;
				CLANG_WARN_SUSPICIOUS_MOVE = YES;
				CLANG_WARN_UNGUARDED_AVAILABILITY = YES_AGGRESSIVE;
				CLANG_WARN_UNREACHABLE_CODE = YES;
				CLANG_WARN__DUPLICATE_METHOD_MATCH = YES;
				CODE_SIGN_IDENTITY = "iPhone Developer";
				COPY_PHASE_STRIP = NO;
				DEBUG_INFORMATION_FORMAT = "dwarf-with-dsym";
				ENABLE_NS_ASSERTIONS = NO;
				ENABLE_STRICT_OBJC_MSGSEND = YES;
				ENABLE_USER_SCRIPT_SANDBOXING = YES;
				GCC_C_LANGUAGE_STANDARD = gnu11;
				GCC_NO_COMMON_BLOCKS = YES;
				GCC_WARN_64_TO_32_BIT_CONVERSION = YES;
				GCC_WARN_ABOUT_RETURN_TYPE = YES_ERROR;
				GCC_WARN_UNDECLARED_SELECTOR = YES;
				GCC_WARN_UNINITIALIZED_AUTOS = YES_AGGRESSIVE;
				GCC_WARN_UNUSED_FUNCTION = YES;
				GCC_WARN_UNUSED_VARIABLE = YES;
				IPHONEOS_DEPLOYMENT_TARGET = 12.0;
				MTL_ENABLE_DEBUG_INFO = NO;
				SDKROOT = iphoneos;
				SWIFT_COMPILATION_MODE = wholemodule;
				SWIFT_VERSION = 4.2;
				VALIDATE_PRODUCT = YES;
			};
			name = Release;
		};
		9B0E28331F07D76F00B71D2A /* Debug */ = {
			isa = XCBuildConfiguration;
			buildSettings = {
				CLANG_ENABLE_MODULES = YES;
				DEFINES_MODULE = YES;
				DEVELOPMENT_TEAM = B82TF96752;
				ENABLE_MODULE_VERIFIER = YES;
				HEADER_SEARCH_PATHS = (
					"$(inherited)",
					"$(SRCROOT)/../../../React/**",
					"$(SRCROOT)/../../react-native/React/**",
					"$(SRCROOT)/../node_modules/react-native/React/**",
					"$(SRCROOT)/../node_modules/react-native/ReactCommon/**",
					"$(SRCROOT)/../node_modules/@react-native/**",
				);
				LD_RUNPATH_SEARCH_PATHS = (
					"$(inherited)",
					"@executable_path/Frameworks",
					"@loader_path/Frameworks",
				);
				MODULE_VERIFIER_SUPPORTED_LANGUAGE_STANDARDS = "gnu11 gnu++14";
				OTHER_LDFLAGS = (
					"$(inherited)",
					"-ObjC",
				);
				PRODUCT_NAME = "$(TARGET_NAME)";
				SKIP_INSTALL = YES;
				SWIFT_OBJC_BRIDGING_HEADER = "RNAudioPro/Support/RNAudioPro-Bridging-Header.h";
				SWIFT_OPTIMIZATION_LEVEL = "-Onone";
				SWIFT_VERSION = 4.2;
				TARGETED_DEVICE_FAMILY = "1,2";
			};
			name = Debug;
		};
		9B0E28341F07D76F00B71D2A /* Release */ = {
			isa = XCBuildConfiguration;
			buildSettings = {
				CLANG_ENABLE_MODULES = YES;
				DEFINES_MODULE = YES;
				DEVELOPMENT_TEAM = B82TF96752;
				ENABLE_MODULE_VERIFIER = YES;
				HEADER_SEARCH_PATHS = (
					"$(inherited)",
					"$(SRCROOT)/../../../React/**",
					"$(SRCROOT)/../../react-native/React/**",
					"$(SRCROOT)/../node_modules/react-native/React/**",
					"$(SRCROOT)/../node_modules/react-native/ReactCommon/**",
					"$(SRCROOT)/../node_modules/@react-native/**",
				);
				LD_RUNPATH_SEARCH_PATHS = (
					"$(inherited)",
					"@executable_path/Frameworks",
					"@loader_path/Frameworks",
				);
				MODULE_VERIFIER_SUPPORTED_LANGUAGE_STANDARDS = "gnu11 gnu++14";
				OTHER_LDFLAGS = (
					"$(inherited)",
					"-ObjC",
				);
				PRODUCT_NAME = "$(TARGET_NAME)";
				SKIP_INSTALL = YES;
				SWIFT_OBJC_BRIDGING_HEADER = "RNAudioPro/Support/RNAudioPro-Bridging-Header.h";
				SWIFT_VERSION = 4.2;
				TARGETED_DEVICE_FAMILY = "1,2";
			};
			name = Release;
		};
/* End XCBuildConfiguration section */

/* Begin XCConfigurationList section */
		9B0E28241F07D76E00B71D2A /* Build configuration list for PBXProject "RNAudioPro" */ = {
			isa = XCConfigurationList;
			buildConfigurations = (
				9B0E28301F07D76F00B71D2A /* Debug */,
				9B0E28311F07D76F00B71D2A /* Release */,
			);
			defaultConfigurationIsVisible = 0;
			defaultConfigurationName = Release;
		};
		9B0E28321F07D76F00B71D2A /* Build configuration list for PBXNativeTarget "RNAudioPro" */ = {
			isa = XCConfigurationList;
			buildConfigurations = (
				9B0E28331F07D76F00B71D2A /* Debug */,
				9B0E28341F07D76F00B71D2A /* Release */,
			);
			defaultConfigurationIsVisible = 0;
			defaultConfigurationName = Release;
		};
/* End XCConfigurationList section */
	};
	rootObject = 9B0E28211F07D76E00B71D2A /* Project object */;
}
